// !$*UTF8*$!
{
	archiveVersion = 1;
	classes = {
	};
	objectVersion = 50;
	objects = {

/* Begin PBXBuildFile section */
		F63CD5362249CEBA00A66C60 /* AppDelegate.swift in Sources */ = {isa = PBXBuildFile; fileRef = F63CD5352249CEBA00A66C60 /* AppDelegate.swift */; };
		F63CD5382249CEBA00A66C60 /* NoteVC.swift in Sources */ = {isa = PBXBuildFile; fileRef = F63CD5372249CEBA00A66C60 /* NoteVC.swift */; };
		F63CD53B2249CEBA00A66C60 /* Main.storyboard in Resources */ = {isa = PBXBuildFile; fileRef = F63CD5392249CEBA00A66C60 /* Main.storyboard */; };
		F63CD53D2249CEBC00A66C60 /* Assets.xcassets in Resources */ = {isa = PBXBuildFile; fileRef = F63CD53C2249CEBC00A66C60 /* Assets.xcassets */; };
		F63CD5402249CEBC00A66C60 /* LaunchScreen.storyboard in Resources */ = {isa = PBXBuildFile; fileRef = F63CD53E2249CEBC00A66C60 /* LaunchScreen.storyboard */; };
		F63CD54D2249D1A300A66C60 /* Note.swift in Sources */ = {isa = PBXBuildFile; fileRef = F63CD54C2249D1A300A66C60 /* Note.swift */; };
		F63CD54F2249D1F000A66C60 /* LockStatus.swift in Sources */ = {isa = PBXBuildFile; fileRef = F63CD54E2249D1F000A66C60 /* LockStatus.swift */; };
		F63CD5512249D23B00A66C60 /* NoteObjects.swift in Sources */ = {isa = PBXBuildFile; fileRef = F63CD5502249D23B00A66C60 /* NoteObjects.swift */; };
		F63CD5532249D4A300A66C60 /* NoteCell.swift in Sources */ = {isa = PBXBuildFile; fileRef = F63CD5522249D4A300A66C60 /* NoteCell.swift */; };
		F63CD5552249D84500A66C60 /* NoteDetailVC.swift in Sources */ = {isa = PBXBuildFile; fileRef = F63CD5542249D84500A66C60 /* NoteDetailVC.swift */; };
/* End PBXBuildFile section */

/* Begin PBXFileReference section */
		F63CD5322249CEBA00A66C60 /* touchyFeelyGoodness.app */ = {isa = PBXFileReference; explicitFileType = wrapper.application; includeInIndex = 0; path = touchyFeelyGoodness.app; sourceTree = BUILT_PRODUCTS_DIR; };
		F63CD5352249CEBA00A66C60 /* AppDelegate.swift */ = {isa = PBXFileReference; lastKnownFileType = sourcecode.swift; path = AppDelegate.swift; sourceTree = "<group>"; };
		F63CD5372249CEBA00A66C60 /* NoteVC.swift */ = {isa = PBXFileReference; lastKnownFileType = sourcecode.swift; path = NoteVC.swift; sourceTree = "<group>"; };
		F63CD53A2249CEBA00A66C60 /* Base */ = {isa = PBXFileReference; lastKnownFileType = file.storyboard; name = Base; path = Base.lproj/Main.storyboard; sourceTree = "<group>"; };
		F63CD53C2249CEBC00A66C60 /* Assets.xcassets */ = {isa = PBXFileReference; lastKnownFileType = folder.assetcatalog; path = Assets.xcassets; sourceTree = "<group>"; };
		F63CD53F2249CEBC00A66C60 /* Base */ = {isa = PBXFileReference; lastKnownFileType = file.storyboard; name = Base; path = Base.lproj/LaunchScreen.storyboard; sourceTree = "<group>"; };
		F63CD5412249CEBC00A66C60 /* Info.plist */ = {isa = PBXFileReference; lastKnownFileType = text.plist.xml; path = Info.plist; sourceTree = "<group>"; };
		F63CD54C2249D1A300A66C60 /* Note.swift */ = {isa = PBXFileReference; lastKnownFileType = sourcecode.swift; path = Note.swift; sourceTree = "<group>"; };
		F63CD54E2249D1F000A66C60 /* LockStatus.swift */ = {isa = PBXFileReference; lastKnownFileType = sourcecode.swift; path = LockStatus.swift; sourceTree = "<group>"; };
		F63CD5502249D23B00A66C60 /* NoteObjects.swift */ = {isa = PBXFileReference; lastKnownFileType = sourcecode.swift; path = NoteObjects.swift; sourceTree = "<group>"; };
		F63CD5522249D4A300A66C60 /* NoteCell.swift */ = {isa = PBXFileReference; lastKnownFileType = sourcecode.swift; path = NoteCell.swift; sourceTree = "<group>"; };
		F63CD5542249D84500A66C60 /* NoteDetailVC.swift */ = {isa = PBXFileReference; lastKnownFileType = sourcecode.swift; path = NoteDetailVC.swift; sourceTree = "<group>"; };
/* End PBXFileReference section */

/* Begin PBXFrameworksBuildPhase section */
		F63CD52F2249CEBA00A66C60 /* Frameworks */ = {
			isa = PBXFrameworksBuildPhase;
			buildActionMask = 2147483647;
			files = (
			);
			runOnlyForDeploymentPostprocessing = 0;
		};
/* End PBXFrameworksBuildPhase section */

/* Begin PBXGroup section */
		F63CD5292249CEBA00A66C60 = {
			isa = PBXGroup;
			children = (
				F63CD5342249CEBA00A66C60 /* touchyFeelyGoodness */,
				F63CD5332249CEBA00A66C60 /* Products */,
			);
			sourceTree = "<group>";
		};
		F63CD5332249CEBA00A66C60 /* Products */ = {
			isa = PBXGroup;
			children = (
				F63CD5322249CEBA00A66C60 /* touchyFeelyGoodness.app */,
			);
			name = Products;
			sourceTree = "<group>";
		};
		F63CD5342249CEBA00A66C60 /* touchyFeelyGoodness */ = {
			isa = PBXGroup;
			children = (
				F63CD54B2249CF5200A66C60 /* Helpers */,
				F63CD54A2249CF4B00A66C60 /* Enums */,
				F63CD5492249CF3F00A66C60 /* Model */,
				F63CD5482249CF3900A66C60 /* View */,
				F63CD5472249CF3000A66C60 /* Controller */,
				F63CD5352249CEBA00A66C60 /* AppDelegate.swift */,
				F63CD5392249CEBA00A66C60 /* Main.storyboard */,
				F63CD53C2249CEBC00A66C60 /* Assets.xcassets */,
				F63CD53E2249CEBC00A66C60 /* LaunchScreen.storyboard */,
				F63CD5412249CEBC00A66C60 /* Info.plist */,
			);
			path = touchyFeelyGoodness;
			sourceTree = "<group>";
		};
		F63CD5472249CF3000A66C60 /* Controller */ = {
			isa = PBXGroup;
			children = (
				F63CD5372249CEBA00A66C60 /* NoteVC.swift */,
				F63CD5542249D84500A66C60 /* NoteDetailVC.swift */,
			);
			path = Controller;
			sourceTree = "<group>";
		};
		F63CD5482249CF3900A66C60 /* View */ = {
			isa = PBXGroup;
			children = (
				F63CD5522249D4A300A66C60 /* NoteCell.swift */,
			);
			path = View;
			sourceTree = "<group>";
		};
		F63CD5492249CF3F00A66C60 /* Model */ = {
			isa = PBXGroup;
			children = (
				F63CD54C2249D1A300A66C60 /* Note.swift */,
			);
			path = Model;
			sourceTree = "<group>";
		};
		F63CD54A2249CF4B00A66C60 /* Enums */ = {
			isa = PBXGroup;
			children = (
				F63CD54E2249D1F000A66C60 /* LockStatus.swift */,
			);
			path = Enums;
			sourceTree = "<group>";
		};
		F63CD54B2249CF5200A66C60 /* Helpers */ = {
			isa = PBXGroup;
			children = (
				F63CD5502249D23B00A66C60 /* NoteObjects.swift */,
			);
			path = Helpers;
			sourceTree = "<group>";
		};
/* End PBXGroup section */

/* Begin PBXNativeTarget section */
		F63CD5312249CEBA00A66C60 /* touchyFeelyGoodness */ = {
			isa = PBXNativeTarget;
			buildConfigurationList = F63CD5442249CEBC00A66C60 /* Build configuration list for PBXNativeTarget "touchyFeelyGoodness" */;
			buildPhases = (
				F63CD52E2249CEBA00A66C60 /* Sources */,
				F63CD52F2249CEBA00A66C60 /* Frameworks */,
				F63CD5302249CEBA00A66C60 /* Resources */,
			);
			buildRules = (
			);
			dependencies = (
			);
			name = touchyFeelyGoodness;
			productName = touchyFeelyGoodness;
			productReference = F63CD5322249CEBA00A66C60 /* touchyFeelyGoodness.app */;
			productType = "com.apple.product-type.application";
		};
/* End PBXNativeTarget section */

/* Begin PBXProject section */
		F63CD52A2249CEBA00A66C60 /* Project object */ = {
			isa = PBXProject;
			attributes = {
				LastSwiftUpdateCheck = 1010;
				LastUpgradeCheck = 1010;
				ORGANIZATIONNAME = "Ricardo Herrera Petit";
				TargetAttributes = {
					F63CD5312249CEBA00A66C60 = {
						CreatedOnToolsVersion = 10.1;
					};
				};
			};
			buildConfigurationList = F63CD52D2249CEBA00A66C60 /* Build configuration list for PBXProject "touchyFeelyGoodness" */;
			compatibilityVersion = "Xcode 9.3";
			developmentRegion = en;
			hasScannedForEncodings = 0;
			knownRegions = (
				en,
				Base,
			);
			mainGroup = F63CD5292249CEBA00A66C60;
			productRefGroup = F63CD5332249CEBA00A66C60 /* Products */;
			projectDirPath = "";
			projectRoot = "";
			targets = (
				F63CD5312249CEBA00A66C60 /* touchyFeelyGoodness */,
			);
		};
/* End PBXProject section */

/* Begin PBXResourcesBuildPhase section */
		F63CD5302249CEBA00A66C60 /* Resources */ = {
			isa = PBXResourcesBuildPhase;
			buildActionMask = 2147483647;
			files = (
				F63CD5402249CEBC00A66C60 /* LaunchScreen.storyboard in Resources */,
				F63CD53D2249CEBC00A66C60 /* Assets.xcassets in Resources */,
				F63CD53B2249CEBA00A66C60 /* Main.storyboard in Resources */,
			);
			runOnlyForDeploymentPostprocessing = 0;
		};
/* End PBXResourcesBuildPhase section */

/* Begin PBXSourcesBuildPhase section */
		F63CD52E2249CEBA00A66C60 /* Sources */ = {
			isa = PBXSourcesBuildPhase;
			buildActionMask = 2147483647;
			files = (
				F63CD5512249D23B00A66C60 /* NoteObjects.swift in Sources */,
				F63CD5552249D84500A66C60 /* NoteDetailVC.swift in Sources */,
				F63CD54F2249D1F000A66C60 /* LockStatus.swift in Sources */,
				F63CD5382249CEBA00A66C60 /* NoteVC.swift in Sources */,
				F63CD5532249D4A300A66C60 /* NoteCell.swift in Sources */,
				F63CD5362249CEBA00A66C60 /* AppDelegate.swift in Sources */,
				F63CD54D2249D1A300A66C60 /* Note.swift in Sources */,
			);
			runOnlyForDeploymentPostprocessing = 0;
		};
/* End PBXSourcesBuildPhase section */

/* Begin PBXVariantGroup section */
		F63CD5392249CEBA00A66C60 /* Main.storyboard */ = {
			isa = PBXVariantGroup;
			children = (
				F63CD53A2249CEBA00A66C60 /* Base */,
			);
			name = Main.storyboard;
			sourceTree = "<group>";
		};
		F63CD53E2249CEBC00A66C60 /* LaunchScreen.storyboard */ = {
			isa = PBXVariantGroup;
			children = (
				F63CD53F2249CEBC00A66C60 /* Base */,
			);
			name = LaunchScreen.storyboard;
			sourceTree = "<group>";
		};
/* End PBXVariantGroup section */

/* Begin XCBuildConfiguration section */
		F63CD5422249CEBC00A66C60 /* Debug */ = {
			isa = XCBuildConfiguration;
			buildSettings = {
				ALWAYS_SEARCH_USER_PATHS = NO;
				CLANG_ANALYZER_NONNULL = YES;
				CLANG_ANALYZER_NUMBER_OBJECT_CONVERSION = YES_AGGRESSIVE;
				CLANG_CXX_LANGUAGE_STANDARD = "gnu++14";
				CLANG_CXX_LIBRARY = "libc++";
				CLANG_ENABLE_MODULES = YES;
				CLANG_ENABLE_OBJC_ARC = YES;
				CLANG_ENABLE_OBJC_WEAK = YES;
				CLANG_WARN_BLOCK_CAPTURE_AUTORELEASING = YES;
				CLANG_WARN_BOOL_CONVERSION = YES;
				CLANG_WARN_COMMA = YES;
				CLANG_WARN_CONSTANT_CONVERSION = YES;
				CLANG_WARN_DEPRECATED_OBJC_IMPLEMENTATIONS = YES;
				CLANG_WARN_DIRECT_OBJC_ISA_USAGE = YES_ERROR;
				CLANG_WARN_DOCUMENTATION_COMMENTS = YES;
				CLANG_WARN_EMPTY_BODY = YES;
				CLANG_WARN_ENUM_CONVERSION = YES;
				CLANG_WARN_INFINITE_RECURSION = YES;
				CLANG_WARN_INT_CONVERSION = YES;
				CLANG_WARN_NON_LITERAL_NULL_CONVERSION = YES;
				CLANG_WARN_OBJC_IMPLICIT_RETAIN_SELF = YES;
				CLANG_WARN_OBJC_LITERAL_CONVERSION = YES;
				CLANG_WARN_OBJC_ROOT_CLASS = YES_ERROR;
				CLANG_WARN_RANGE_LOOP_ANALYSIS = YES;
				CLANG_WARN_STRICT_PROTOTYPES = YES;
				CLANG_WARN_SUSPICIOUS_MOVE = YES;
				CLANG_WARN_UNGUARDED_AVAILABILITY = YES_AGGRESSIVE;
				CLANG_WARN_UNREACHABLE_CODE = YES;
				CLANG_WARN__DUPLICATE_METHOD_MATCH = YES;
				CODE_SIGN_IDENTITY = "iPhone Developer";
				COPY_PHASE_STRIP = NO;
				DEBUG_INFORMATION_FORMAT = dwarf;
				ENABLE_STRICT_OBJC_MSGSEND = YES;
				ENABLE_TESTABILITY = YES;
				GCC_C_LANGUAGE_STANDARD = gnu11;
				GCC_DYNAMIC_NO_PIC = NO;
				GCC_NO_COMMON_BLOCKS = YES;
				GCC_OPTIMIZATION_LEVEL = 0;
				GCC_PREPROCESSOR_DEFINITIONS = (
					"DEBUG=1",
					"$(inherited)",
				);
				GCC_WARN_64_TO_32_BIT_CONVERSION = YES;
				GCC_WARN_ABOUT_RETURN_TYPE = YES_ERROR;
				GCC_WARN_UNDECLARED_SELECTOR = YES;
				GCC_WARN_UNINITIALIZED_AUTOS = YES_AGGRESSIVE;
				GCC_WARN_UNUSED_FUNCTION = YES;
				GCC_WARN_UNUSED_VARIABLE = YES;
				IPHONEOS_DEPLOYMENT_TARGET = 12.1;
				MTL_ENABLE_DEBUG_INFO = INCLUDE_SOURCE;
				MTL_FAST_MATH = YES;
				ONLY_ACTIVE_ARCH = YES;
				SDKROOT = iphoneos;
				SWIFT_ACTIVE_COMPILATION_CONDITIONS = DEBUG;
				SWIFT_OPTIMIZATION_LEVEL = "-Onone";
			};
			name = Debug;
		};
		F63CD5432249CEBC00A66C60 /* Release */ = {
			isa = XCBuildConfiguration;
			buildSettings = {
				ALWAYS_SEARCH_USER_PATHS = NO;
				CLANG_ANALYZER_NONNULL = YES;
				CLANG_ANALYZER_NUMBER_OBJECT_CONVERSION = YES_AGGRESSIVE;
				CLANG_CXX_LANGUAGE_STANDARD = "gnu++14";
				CLANG_CXX_LIBRARY = "libc++";
				CLANG_ENABLE_MODULES = YES;
				CLANG_ENABLE_OBJC_ARC = YES;
				CLANG_ENABLE_OBJC_WEAK = YES;
				CLANG_WARN_BLOCK_CAPTURE_AUTORELEASING = YES;
				CLANG_WARN_BOOL_CONVERSION = YES;
				CLANG_WARN_COMMA = YES;
				CLANG_WARN_CONSTANT_CONVERSION = YES;
				CLANG_WARN_DEPRECATED_OBJC_IMPLEMENTATIONS = YES;
				CLANG_WARN_DIRECT_OBJC_ISA_USAGE = YES_ERROR;
				CLANG_WARN_DOCUMENTATION_COMMENTS = YES;
				CLANG_WARN_EMPTY_BODY = YES;
				CLANG_WARN_ENUM_CONVERSION = YES;
				CLANG_WARN_INFINITE_RECURSION = YES;
				CLANG_WARN_INT_CONVERSION = YES;
				CLANG_WARN_NON_LITERAL_NULL_CONVERSION = YES;
				CLANG_WARN_OBJC_IMPLICIT_RETAIN_SELF = YES;
				CLANG_WARN_OBJC_LITERAL_CONVERSION = YES;
				CLANG_WARN_OBJC_ROOT_CLASS = YES_ERROR;
				CLANG_WARN_RANGE_LOOP_ANALYSIS = YES;
				CLANG_WARN_STRICT_PROTOTYPES = YES;
				CLANG_WARN_SUSPICIOUS_MOVE = YES;
				CLANG_WARN_UNGUARDED_AVAILABILITY = YES_AGGRESSIVE;
				CLANG_WARN_UNREACHABLE_CODE = YES;
				CLANG_WARN__DUPLICATE_METHOD_MATCH = YES;
				CODE_SIGN_IDENTITY = "iPhone Developer";
				COPY_PHASE_STRIP = NO;
				DEBUG_INFORMATION_FORMAT = "dwarf-with-dsym";
				ENABLE_NS_ASSERTIONS = NO;
				ENABLE_STRICT_OBJC_MSGSEND = YES;
				GCC_C_LANGUAGE_STANDARD = gnu11;
				GCC_NO_COMMON_BLOCKS = YES;
				GCC_WARN_64_TO_32_BIT_CONVERSION = YES;
				GCC_WARN_ABOUT_RETURN_TYPE = YES_ERROR;
				GCC_WARN_UNDECLARED_SELECTOR = YES;
				GCC_WARN_UNINITIALIZED_AUTOS = YES_AGGRESSIVE;
				GCC_WARN_UNUSED_FUNCTION = YES;
				GCC_WARN_UNUSED_VARIABLE = YES;
				IPHONEOS_DEPLOYMENT_TARGET = 12.1;
				MTL_ENABLE_DEBUG_INFO = NO;
				MTL_FAST_MATH = YES;
				SDKROOT = iphoneos;
				SWIFT_COMPILATION_MODE = wholemodule;
				SWIFT_OPTIMIZATION_LEVEL = "-O";
				VALIDATE_PRODUCT = YES;
			};
			name = Release;
		};
		F63CD5452249CEBC00A66C60 /* Debug */ = {
			isa = XCBuildConfiguration;
			buildSettings = {
				ASSETCATALOG_COMPILER_APPICON_NAME = AppIcon;
				CODE_SIGN_STYLE = Automatic;
				DEVELOPMENT_TEAM = AMLYNCKP6M;
				INFOPLIST_FILE = touchyFeelyGoodness/Info.plist;
				LD_RUNPATH_SEARCH_PATHS = (
					"$(inherited)",
					"@executable_path/Frameworks",
				);
				PRODUCT_BUNDLE_IDENTIFIER = com.petitcoding.touchyFeelyGoodness;
				PRODUCT_NAME = "$(TARGET_NAME)";
				SWIFT_VERSION = 4.2;
				TARGETED_DEVICE_FAMILY = "1,2";
			};
			name = Debug;
		};
		F63CD5462249CEBC00A66C60 /* Release */ = {
			isa = XCBuildConfiguration;
			buildSettings = {
				ASSETCATALOG_COMPILER_APPICON_NAME = AppIcon;
				CODE_SIGN_STYLE = Automatic;
				DEVELOPMENT_TEAM = AMLYNCKP6M;
				INFOPLIST_FILE = touchyFeelyGoodness/Info.plist;
				LD_RUNPATH_SEARCH_PATHS = (
					"$(inherited)",
					"@executable_path/Frameworks",
				);
				PRODUCT_BUNDLE_IDENTIFIER = com.petitcoding.touchyFeelyGoodness;
				PRODUCT_NAME = "$(TARGET_NAME)";
				SWIFT_VERSION = 4.2;
				TARGETED_DEVICE_FAMILY = "1,2";
			};
			name = Release;
		};
/* End XCBuildConfiguration section */

/* Begin XCConfigurationList section */
		F63CD52D2249CEBA00A66C60 /* Build configuration list for PBXProject "touchyFeelyGoodness" */ = {
			isa = XCConfigurationList;
			buildConfigurations = (
				F63CD5422249CEBC00A66C60 /* Debug */,
				F63CD5432249CEBC00A66C60 /* Release */,
			);
			defaultConfigurationIsVisible = 0;
			defaultConfigurationName = Release;
		};
		F63CD5442249CEBC00A66C60 /* Build configuration list for PBXNativeTarget "touchyFeelyGoodness" */ = {
			isa = XCConfigurationList;
			buildConfigurations = (
				F63CD5452249CEBC00A66C60 /* Debug */,
				F63CD5462249CEBC00A66C60 /* Release */,
			);
			defaultConfigurationIsVisible = 0;
			defaultConfigurationName = Release;
		};
/* End XCConfigurationList section */
	};
	rootObject = F63CD52A2249CEBA00A66C60 /* Project object */;
}
